
Microsoft Visual Studio Solution File, Format Version 12.00
# Visual Studio 14
VisualStudioVersion = 14.0.25420.1
MinimumVisualStudioVersion = 10.0.40219.1
Project("{FAE04EC0-301F-11D3-BF4B-00C04F79EFBC}") = "FTPServer", "..\FTPServer\FTPServer\FTPServer.csproj", "{8D64D69C-7E31-4885-A114-FDA37E1815E4}"
EndProject
Project("{FAE04EC0-301F-11D3-BF4B-00C04F79EFBC}") = "FTP", "FTPClient\FTP.csproj", "{0485C8C6-3A1A-4E0E-80CF-E1F0E0A83288}"
EndProject
Global
	GlobalSection(SolutionConfigurationPlatforms) = preSolution
		Debug|Any CPU = Debug|Any CPU
		Release|Any CPU = Release|Any CPU
	EndGlobalSection
	GlobalSection(ProjectConfigurationPlatforms) = postSolution
		{8D64D69C-7E31-4885-A114-FDA37E1815E4}.Debug|Any CPU.ActiveCfg = Debug|Any CPU
		{8D64D69C-7E31-4885-A114-FDA37E1815E4}.Debug|Any CPU.Build.0 = Debug|Any CPU
		{8D64D69C-7E31-4885-A114-FDA37E1815E4}.Release|Any CPU.ActiveCfg = Release|Any CPU
		{8D64D69C-7E31-4885-A114-FDA37E1815E4}.Release|Any CPU.Build.0 = Release|Any CPU
		{0485C8C6-3A1A-4E0E-80CF-E1F0E0A83288}.Debug|Any CPU.ActiveCfg = Debug|Any CPU
		{0485C8C6-3A1A-4E0E-80CF-E1F0E0A83288}.Debug|Any CPU.Build.0 = Debug|Any CPU
		{0485C8C6-3A1A-4E0E-80CF-E1F0E0A83288}.Release|Any CPU.ActiveCfg = Release|Any CPU
		{0485C8C6-3A1A-4E0E-80CF-E1F0E0A83288}.Release|Any CPU.Build.0 = Release|Any CPU
	EndGlobalSection
	GlobalSection(SolutionProperties) = preSolution
		HideSolutionNode = FALSE
	EndGlobalSection
EndGlobal
